
Microsoft Visual Studio Solution File, Format Version 12.00
# Visual Studio 15
VisualStudioVersion = 15.0.28307.1209
MinimumVisualStudioVersion = 10.0.40219.1
Project("{FAE04EC0-301F-11D3-BF4B-00C04F79EFBC}") = "Calculate", "Calculate\Calculate.csproj", "{0A62D814-2D71-4ACE-93DD-F45708587571}"
EndProject
Global
	GlobalSection(SolutionConfigurationPlatforms) = preSolution
		Debug|Any CPU = Debug|Any CPU
		Release|Any CPU = Release|Any CPU
	EndGlobalSection
	GlobalSection(ProjectConfigurationPlatforms) = postSolution
		{0A62D814-2D71-4ACE-93DD-F45708587571}.Debug|Any CPU.ActiveCfg = Debug|Any CPU
		{0A62D814-2D71-4ACE-93DD-F45708587571}.Debug|Any CPU.Build.0 = Debug|Any CPU
		{0A62D814-2D71-4ACE-93DD-F45708587571}.Release|Any CPU.ActiveCfg = Release|Any CPU
		{0A62D814-2D71-4ACE-93DD-F45708587571}.Release|Any CPU.Build.0 = Release|Any CPU
	EndGlobalSection
	GlobalSection(SolutionProperties) = preSolution
		HideSolutionNode = FALSE
	EndGlobalSection
	GlobalSection(ExtensibilityGlobals) = postSolution
		SolutionGuid = {EAFEB574-E6C3-4421-82DD-AF61B62A0F40}
	EndGlobalSection
EndGlobal
